# Generated by move; do not edit
# This file should be checked in.

[move]
version = 4

[pinned.testnet.Kiosk]
source = { local = "../vendor/kiosk" }
use_environment = "testnet"
manifest_digest = "32841847BCFC634978ECD6E58C32EB22D00642C80BDA51B63540C4802D3C4984"
deps = { MoveStdlib = "MoveStdlib", Sui = "Sui" }

[pinned.testnet.MoveStdlib]
source = { git = "https://github.com/MystenLabs/sui.git", subdir = "crates/sui-framework/packages/move-stdlib", rev = "75515e79e182c37b135a9984c6c1f08a2c383736" }
use_environment = "testnet"
manifest_digest = "C4FE4C91DE74CBF223B2E380AE40F592177D21870DC2D7EB6227D2D694E05363"
deps = {}

[pinned.testnet.Sui]
source = { git = "https://github.com/MystenLabs/sui.git", subdir = "crates/sui-framework/packages/sui-framework", rev = "75515e79e182c37b135a9984c6c1f08a2c383736" }
use_environment = "testnet"
manifest_digest = "7AFB66695545775FBFBB2D3078ADFD084244D5002392E837FDE21D9EA1C6D01C"
deps = { MoveStdlib = "MoveStdlib" }

[pinned.testnet.WAL]
source = { git = "https://github.com/MystenLabs/walrus.git", subdir = "testnet-contracts/wal", rev = "65b7dde1482dc666f8414ea83e010cd4e9900024" }
use_environment = "testnet"
manifest_digest = "CB0E989DC0CE284D021BBD9D8815A6973E1291F0DE7FDEFC0CA58B159CA34685"
deps = { Sui = "Sui" }

[pinned.testnet.Walrus]
source = { git = "https://github.com/MystenLabs/walrus.git", subdir = "testnet-contracts/walrus", rev = "65b7dde1482dc666f8414ea83e010cd4e9900024" }
use_environment = "testnet"
manifest_digest = "32BBB223F0C45185398F10007FAF8D85A66E696B8090E8E44CAA492E377A5740"
deps = { Sui = "Sui", WAL = "WAL" }

[pinned.testnet.soul_object]
source = { root = true }
use_environment = "testnet"
manifest_digest = "958651205828DB7F3CB7C703790F935939913F38586B1E6F6C5A186E1CC93EDE"
deps = { Kiosk = "Kiosk", MoveStdlib = "MoveStdlib", Sui = "Sui", Walrus = "Walrus", unft_standard = "unft_standard", usdc = "usdc" }

[pinned.testnet.unft_standard]
source = { local = "../vendor/unft_standard" }
use_environment = "testnet"
manifest_digest = "32841847BCFC634978ECD6E58C32EB22D00642C80BDA51B63540C4802D3C4984"
deps = { MoveStdlib = "MoveStdlib", Sui = "Sui" }

[pinned.testnet.usdc]
source = { local = "../test_usdc" }
use_environment = "testnet"
manifest_digest = "23FA03E72C4D9E8368DB7DB27AB4276CF575F1C2275D5592EF047A67F233C0EA"
deps = { Sui = "Sui" }
